
Microsoft Visual Studio Solution File, Format Version 12.00
# Visual Studio Version 17
VisualStudioVersion = 17.11.35219.272
MinimumVisualStudioVersion = 10.0.40219.1
Project("{FAE04EC0-301F-11D3-BF4B-00C04F79EFBC}") = "cpk", "cpk\cpk.csproj", "{55E6C802-29A2-4672-A53A-0F0763455E11}"
EndProject
Global
	GlobalSection(SolutionConfigurationPlatforms) = preSolution
		Debug|Any CPU = Debug|Any CPU
		Release|Any CPU = Release|Any CPU
	EndGlobalSection
	GlobalSection(ProjectConfigurationPlatforms) = postSolution
		{55E6C802-29A2-4672-A53A-0F0763455E11}.Debug|Any CPU.ActiveCfg = Debug|Any CPU
		{55E6C802-29A2-4672-A53A-0F0763455E11}.Debug|Any CPU.Build.0 = Debug|Any CPU
		{55E6C802-29A2-4672-A53A-0F0763455E11}.Release|Any CPU.ActiveCfg = Release|Any CPU
		{55E6C802-29A2-4672-A53A-0F0763455E11}.Release|Any CPU.Build.0 = Release|Any CPU
	EndGlobalSection
	GlobalSection(SolutionProperties) = preSolution
		HideSolutionNode = FALSE
	EndGlobalSection
	GlobalSection(ExtensibilityGlobals) = postSolution
		SolutionGuid = {3F29BE04-2F27-4D96-B7EA-16DFA27323F7}
	EndGlobalSection
EndGlobal
